
Microsoft Visual Studio Solution File, Format Version 12.00
# Visual Studio 14
VisualStudioVersion = 14.0.23107.0
MinimumVisualStudioVersion = 10.0.40219.1
Project("{FAE04EC0-301F-11D3-BF4B-00C04F79EFBC}") = "Shop.DataSource", "Shop.DataSource\Shop.DataSource.csproj", "{160A9076-A773-44F2-BFD0-E945F9D752AB}"
EndProject
Project("{FAE04EC0-301F-11D3-BF4B-00C04F79EFBC}") = "Shop.ConsoleUI", "Shop.ConsoleUI\Shop.ConsoleUI.csproj", "{8C15B2A9-41B6-4786-A4D5-C77F8F9C9CE9}"
EndProject
Project("{FAE04EC0-301F-11D3-BF4B-00C04F79EFBC}") = "Shop.WebUI", "Shop.WebUI\Shop.WebUI.csproj", "{F61C03A5-D271-4CA5-BD3C-B85FC6643712}"
EndProject
Project("{FAE04EC0-301F-11D3-BF4B-00C04F79EFBC}") = "Shop.DependencyResolver", "Shop.DependencyResolver\Shop.DependencyResolver.csproj", "{8F174F99-3A01-4836-92AF-DCD0B8FA826F}"
EndProject
Global
	GlobalSection(SolutionConfigurationPlatforms) = preSolution
		Debug|Any CPU = Debug|Any CPU
		Release|Any CPU = Release|Any CPU
	EndGlobalSection
	GlobalSection(ProjectConfigurationPlatforms) = postSolution
		{160A9076-A773-44F2-BFD0-E945F9D752AB}.Debug|Any CPU.ActiveCfg = Debug|Any CPU
		{160A9076-A773-44F2-BFD0-E945F9D752AB}.Debug|Any CPU.Build.0 = Debug|Any CPU
		{160A9076-A773-44F2-BFD0-E945F9D752AB}.Release|Any CPU.ActiveCfg = Release|Any CPU
		{160A9076-A773-44F2-BFD0-E945F9D752AB}.Release|Any CPU.Build.0 = Release|Any CPU
		{8C15B2A9-41B6-4786-A4D5-C77F8F9C9CE9}.Debug|Any CPU.ActiveCfg = Debug|Any CPU
		{8C15B2A9-41B6-4786-A4D5-C77F8F9C9CE9}.Debug|Any CPU.Build.0 = Debug|Any CPU
		{8C15B2A9-41B6-4786-A4D5-C77F8F9C9CE9}.Release|Any CPU.ActiveCfg = Release|Any CPU
		{8C15B2A9-41B6-4786-A4D5-C77F8F9C9CE9}.Release|Any CPU.Build.0 = Release|Any CPU
		{F61C03A5-D271-4CA5-BD3C-B85FC6643712}.Debug|Any CPU.ActiveCfg = Debug|Any CPU
		{F61C03A5-D271-4CA5-BD3C-B85FC6643712}.Debug|Any CPU.Build.0 = Debug|Any CPU
		{F61C03A5-D271-4CA5-BD3C-B85FC6643712}.Release|Any CPU.ActiveCfg = Release|Any CPU
		{F61C03A5-D271-4CA5-BD3C-B85FC6643712}.Release|Any CPU.Build.0 = Release|Any CPU
		{8F174F99-3A01-4836-92AF-DCD0B8FA826F}.Debug|Any CPU.ActiveCfg = Debug|Any CPU
		{8F174F99-3A01-4836-92AF-DCD0B8FA826F}.Debug|Any CPU.Build.0 = Debug|Any CPU
		{8F174F99-3A01-4836-92AF-DCD0B8FA826F}.Release|Any CPU.ActiveCfg = Release|Any CPU
		{8F174F99-3A01-4836-92AF-DCD0B8FA826F}.Release|Any CPU.Build.0 = Release|Any CPU
	EndGlobalSection
	GlobalSection(SolutionProperties) = preSolution
		HideSolutionNode = FALSE
	EndGlobalSection
EndGlobal
